
Microsoft Visual Studio Solution File, Format Version 12.00
# Visual Studio Version 17
VisualStudioVersion = 17.8.34511.84
MinimumVisualStudioVersion = 10.0.40219.1
Project("{FAE04EC0-301F-11D3-BF4B-00C04F79EFBC}") = "DiplomaWebService", "DiplomaWebService\DiplomaWebService.csproj", "{1D37B2A8-DA5D-4D73-8B15-0A3D1E051913}"
EndProject
Project("{FAE04EC0-301F-11D3-BF4B-00C04F79EFBC}") = "DiplomaWebService.Common", "DiplomaWebService.Common\DiplomaWebService.Common.csproj", "{EAEFE3E4-F20F-4295-B5A4-EC8F7FE900C6}"
EndProject
Global
	GlobalSection(SolutionConfigurationPlatforms) = preSolution
		Debug|Any CPU = Debug|Any CPU
		Release|Any CPU = Release|Any CPU
	EndGlobalSection
	GlobalSection(ProjectConfigurationPlatforms) = postSolution
		{1D37B2A8-DA5D-4D73-8B15-0A3D1E051913}.Debug|Any CPU.ActiveCfg = Debug|Any CPU
		{1D37B2A8-DA5D-4D73-8B15-0A3D1E051913}.Debug|Any CPU.Build.0 = Debug|Any CPU
		{1D37B2A8-DA5D-4D73-8B15-0A3D1E051913}.Release|Any CPU.ActiveCfg = Release|Any CPU
		{1D37B2A8-DA5D-4D73-8B15-0A3D1E051913}.Release|Any CPU.Build.0 = Release|Any CPU
		{EAEFE3E4-F20F-4295-B5A4-EC8F7FE900C6}.Debug|Any CPU.ActiveCfg = Debug|Any CPU
		{EAEFE3E4-F20F-4295-B5A4-EC8F7FE900C6}.Debug|Any CPU.Build.0 = Debug|Any CPU
		{EAEFE3E4-F20F-4295-B5A4-EC8F7FE900C6}.Release|Any CPU.ActiveCfg = Release|Any CPU
		{EAEFE3E4-F20F-4295-B5A4-EC8F7FE900C6}.Release|Any CPU.Build.0 = Release|Any CPU
	EndGlobalSection
	GlobalSection(SolutionProperties) = preSolution
		HideSolutionNode = FALSE
	EndGlobalSection
	GlobalSection(ExtensibilityGlobals) = postSolution
		SolutionGuid = {465F9756-A809-4CBE-B698-D4052A6F6CF6}
	EndGlobalSection
EndGlobal
